{
  "name": "01-folder",
  "lockfileVersion": 3,
  "requires": true,
  "packages": {
    "": {
      "dependencies": {
        "lucide-react": "^1.0.1"
      }
    },
    "node_modules/lucide-react": {
      "version": "1.0.1",
      "resolved": "https://registry.npmjs.org/lucide-react/-/lucide-react-1.0.1.tgz",
      "integrity": "sha512-lih7tKEczCYOQjVEzpFuxEuNzlwf+1yhvlMlEkGWJM3va8Pugv8bYXc/pRtcjPncaP7k84X0Pt/71ufxvqEPtQ==",
      "license": "ISC",
      "peerDependencies": {
        "react": "^16.5.1 || ^17.0.0 || ^18.0.0 || ^19.0.0"
      }
    },
    "node_modules/react": {
      "version": "19.2.4",
      "resolved": "https://registry.npmjs.org/react/-/react-19.2.4.tgz",
      "integrity": "sha512-9nfp2hYpCwOjAN+8TZFGhtWEwgvWHXqESH8qT89AT/lWklpLON22Lc8pEtnpsZz7VmawabSU0gCjnj8aC0euHQ==",
      "license": "MIT",
      "peer": true,
      "engines": {
        "node": ">=0.10.0"
      }
    }
  }
}
